
Microsoft Visual Studio Solution File, Format Version 12.00
# Visual Studio Version 16
VisualStudioVersion = 16.0.29613.14
MinimumVisualStudioVersion = 10.0.40219.1
Project("{9A19103F-16F7-4668-BE54-9A1E7A4F7556}") = "AuctionSite.Api", "AuctionSite\AuctionSite.Api.csproj", "{BD333BCD-B735-4451-8662-B305BB3D96F1}"
EndProject
Project("{FAE04EC0-301F-11D3-BF4B-00C04F79EFBC}") = "AuctionSite.BL", "AuctionSite.Bl\AuctionSite.BL.csproj", "{BF236F87-EA08-4B32-A936-474D113239D8}"
EndProject
Project("{FAE04EC0-301F-11D3-BF4B-00C04F79EFBC}") = "AuctionSite.DataAccess", "AuctionSite.DataAccess\AuctionSite.DataAccess.csproj", "{655E1E9C-A796-4304-B22C-6E36F79FEE36}"
EndProject
Project("{FAE04EC0-301F-11D3-BF4B-00C04F79EFBC}") = "AuctionSite.Shared", "AuctionSite.Shared\AuctionSite.Shared.csproj", "{1311E160-35D7-4978-8D10-8CE0706F355B}"
EndProject
Project("{FAE04EC0-301F-11D3-BF4B-00C04F79EFBC}") = "AuctionsSite.UnitTests", "AuctionsSite.UnitTests\AuctionsSite.UnitTests.csproj", "{5BCA8CF2-2EF6-4674-8AB1-844F8D4E59F1}"
EndProject
Global
	GlobalSection(SolutionConfigurationPlatforms) = preSolution
		Debug|Any CPU = Debug|Any CPU
		Release|Any CPU = Release|Any CPU
	EndGlobalSection
	GlobalSection(ProjectConfigurationPlatforms) = postSolution
		{BD333BCD-B735-4451-8662-B305BB3D96F1}.Debug|Any CPU.ActiveCfg = Debug|Any CPU
		{BD333BCD-B735-4451-8662-B305BB3D96F1}.Debug|Any CPU.Build.0 = Debug|Any CPU
		{BD333BCD-B735-4451-8662-B305BB3D96F1}.Release|Any CPU.ActiveCfg = Release|Any CPU
		{BD333BCD-B735-4451-8662-B305BB3D96F1}.Release|Any CPU.Build.0 = Release|Any CPU
		{BF236F87-EA08-4B32-A936-474D113239D8}.Debug|Any CPU.ActiveCfg = Debug|Any CPU
		{BF236F87-EA08-4B32-A936-474D113239D8}.Debug|Any CPU.Build.0 = Debug|Any CPU
		{BF236F87-EA08-4B32-A936-474D113239D8}.Release|Any CPU.ActiveCfg = Release|Any CPU
		{BF236F87-EA08-4B32-A936-474D113239D8}.Release|Any CPU.Build.0 = Release|Any CPU
		{655E1E9C-A796-4304-B22C-6E36F79FEE36}.Debug|Any CPU.ActiveCfg = Debug|Any CPU
		{655E1E9C-A796-4304-B22C-6E36F79FEE36}.Debug|Any CPU.Build.0 = Debug|Any CPU
		{655E1E9C-A796-4304-B22C-6E36F79FEE36}.Release|Any CPU.ActiveCfg = Release|Any CPU
		{655E1E9C-A796-4304-B22C-6E36F79FEE36}.Release|Any CPU.Build.0 = Release|Any CPU
		{1311E160-35D7-4978-8D10-8CE0706F355B}.Debug|Any CPU.ActiveCfg = Debug|Any CPU
		{1311E160-35D7-4978-8D10-8CE0706F355B}.Debug|Any CPU.Build.0 = Debug|Any CPU
		{1311E160-35D7-4978-8D10-8CE0706F355B}.Release|Any CPU.ActiveCfg = Release|Any CPU
		{1311E160-35D7-4978-8D10-8CE0706F355B}.Release|Any CPU.Build.0 = Release|Any CPU
		{5BCA8CF2-2EF6-4674-8AB1-844F8D4E59F1}.Debug|Any CPU.ActiveCfg = Debug|Any CPU
		{5BCA8CF2-2EF6-4674-8AB1-844F8D4E59F1}.Debug|Any CPU.Build.0 = Debug|Any CPU
		{5BCA8CF2-2EF6-4674-8AB1-844F8D4E59F1}.Release|Any CPU.ActiveCfg = Release|Any CPU
		{5BCA8CF2-2EF6-4674-8AB1-844F8D4E59F1}.Release|Any CPU.Build.0 = Release|Any CPU
	EndGlobalSection
	GlobalSection(SolutionProperties) = preSolution
		HideSolutionNode = FALSE
	EndGlobalSection
	GlobalSection(ExtensibilityGlobals) = postSolution
		SolutionGuid = {0902B51C-1BFB-4C28-BA4B-D1174E4D068B}
	EndGlobalSection
EndGlobal
